// !$*UTF8*$!
{
	archiveVersion = 1;
	classes = {
	};
	objectVersion = 46;
	objects = {

/* Begin PBXBuildFile section */
		F44CEB4E1C8032F50076F3E9 /* MensaPlanner WatchKit Extension.appex in Embed App Extensions */ = {isa = PBXBuildFile; fileRef = F496F6681B179C3800C3ADAC /* MensaPlanner WatchKit Extension.appex */; settings = {ATTRIBUTES = (RemoveHeadersOnCopy, ); }; };
		F44CEB511C8032F50076F3E9 /* MensaPlanner WatchKit App.app in Embed Watch Content */ = {isa = PBXBuildFile; fileRef = F496F6741B179C3900C3ADAC /* MensaPlanner WatchKit App.app */; };
		F44CEBA41C8046FD0076F3E9 /* libxml2.2.tbd in Frameworks */ = {isa = PBXBuildFile; fileRef = F44CEBA31C8046FD0076F3E9 /* libxml2.2.tbd */; };
		F44CEBA61C80470B0076F3E9 /* libxml2.2.tbd in Frameworks */ = {isa = PBXBuildFile; fileRef = F44CEBA51C80470B0076F3E9 /* libxml2.2.tbd */; };
		F44CEBAC1C805C360076F3E9 /* ClockKit.framework in Frameworks */ = {isa = PBXBuildFile; fileRef = F44CEBAB1C805C360076F3E9 /* ClockKit.framework */; };
		F44CEBAD1C805C6A0076F3E9 /* CompliationController.swift in Sources */ = {isa = PBXBuildFile; fileRef = F44CEBA91C805BEB0076F3E9 /* CompliationController.swift */; };
		F44CEBB11C805FD20076F3E9 /* WatchKit.framework in Frameworks */ = {isa = PBXBuildFile; fileRef = F44CEBB01C805FD20076F3E9 /* WatchKit.framework */; };
		F44CEBC21C807C2B0076F3E9 /* ExtensionDelegate.swift in Sources */ = {isa = PBXBuildFile; fileRef = F44CEBB51C807C090076F3E9 /* ExtensionDelegate.swift */; };
		F473CA321B206F5400BCA0CC /* SGTabbedPager.swift in Sources */ = {isa = PBXBuildFile; fileRef = F473CA311B206F5400BCA0CC /* SGTabbedPager.swift */; };
		F473CA361B2119DD00BCA0CC /* MensaSelectionController.swift in Sources */ = {isa = PBXBuildFile; fileRef = F473CA351B2119DD00BCA0CC /* MensaSelectionController.swift */; };
		F496F65A1B178EC400C3ADAC /* GDataXMLNode.m in Sources */ = {isa = PBXBuildFile; fileRef = F496F6591B178EC400C3ADAC /* GDataXMLNode.m */; };
		F496F66D1B179C3900C3ADAC /* MensaTableController.swift in Sources */ = {isa = PBXBuildFile; fileRef = F496F66C1B179C3900C3ADAC /* MensaTableController.swift */; };
		F496F66F1B179C3900C3ADAC /* GlanceController.swift in Sources */ = {isa = PBXBuildFile; fileRef = F496F66E1B179C3900C3ADAC /* GlanceController.swift */; };
		F496F6711B179C3900C3ADAC /* Images.xcassets in Resources */ = {isa = PBXBuildFile; fileRef = F496F6701B179C3900C3ADAC /* Images.xcassets */; };
		F496F67D1B179C3900C3ADAC /* Interface.storyboard in Resources */ = {isa = PBXBuildFile; fileRef = F496F67B1B179C3900C3ADAC /* Interface.storyboard */; };
		F496F67F1B179C3900C3ADAC /* Images.xcassets in Resources */ = {isa = PBXBuildFile; fileRef = F496F67E1B179C3900C3ADAC /* Images.xcassets */; };
		F496F68B1B179D1C00C3ADAC /* MensaInterfaceController.swift in Sources */ = {isa = PBXBuildFile; fileRef = F496F68A1B179D1C00C3ADAC /* MensaInterfaceController.swift */; };
		F496F68C1B17A1BC00C3ADAC /* Globals.swift in Sources */ = {isa = PBXBuildFile; fileRef = F4D94DF01B06AE010035EE6A /* Globals.swift */; };
		F4A557C91B17D67A00956AF0 /* Mealplan.swift in Sources */ = {isa = PBXBuildFile; fileRef = F4D94DF41B06BD350035EE6A /* Mealplan.swift */; };
		F4A557CA1B17DC1500956AF0 /* GDataXMLNode.m in Sources */ = {isa = PBXBuildFile; fileRef = F496F6591B178EC400C3ADAC /* GDataXMLNode.m */; };
		F4AD24CB1B6E75C6007B62AA /* Info.plist in Sources */ = {isa = PBXBuildFile; fileRef = F496F67A1B179C3900C3ADAC /* Info.plist */; };
		F4B010B71B176CC100641B5D /* MensasPagerController.swift in Sources */ = {isa = PBXBuildFile; fileRef = F4D94D941B0692F60035EE6A /* MensasPagerController.swift */; };
		F4D94D931B0692F60035EE6A /* AppDelegate.swift in Sources */ = {isa = PBXBuildFile; fileRef = F4D94D921B0692F60035EE6A /* AppDelegate.swift */; };
		F4D94D981B0692F60035EE6A /* Main.storyboard in Resources */ = {isa = PBXBuildFile; fileRef = F4D94D961B0692F60035EE6A /* Main.storyboard */; };
		F4D94D9A1B0692F60035EE6A /* Images.xcassets in Resources */ = {isa = PBXBuildFile; fileRef = F4D94D991B0692F60035EE6A /* Images.xcassets */; };
		F4D94D9D1B0692F70035EE6A /* LaunchScreen.xib in Resources */ = {isa = PBXBuildFile; fileRef = F4D94D9B1B0692F70035EE6A /* LaunchScreen.xib */; };
		F4D94DF11B06AE010035EE6A /* Globals.swift in Sources */ = {isa = PBXBuildFile; fileRef = F4D94DF01B06AE010035EE6A /* Globals.swift */; };
		F4D94DF31B06B3E40035EE6A /* MealsTableController.swift in Sources */ = {isa = PBXBuildFile; fileRef = F4D94DF21B06B3E40035EE6A /* MealsTableController.swift */; };
		F4D94DF51B06BD350035EE6A /* Mealplan.swift in Sources */ = {isa = PBXBuildFile; fileRef = F4D94DF41B06BD350035EE6A /* Mealplan.swift */; };
		F4FA4C0B1B3750F100F3ED1E /* Localizable.strings in Resources */ = {isa = PBXBuildFile; fileRef = F4FA4C0D1B3750F100F3ED1E /* Localizable.strings */; };
/* End PBXBuildFile section */

/* Begin PBXContainerItemProxy section */
		F44CEB4C1C8032F50076F3E9 /* PBXContainerItemProxy */ = {
			isa = PBXContainerItemProxy;
			containerPortal = F4D94D851B0692F50035EE6A /* Project object */;
			proxyType = 1;
			remoteGlobalIDString = F496F6671B179C3800C3ADAC;
			remoteInfo = "MensaPlanner WatchKit Extension";
		};
		F44CEB4F1C8032F50076F3E9 /* PBXContainerItemProxy */ = {
			isa = PBXContainerItemProxy;
			containerPortal = F4D94D851B0692F50035EE6A /* Project object */;
			proxyType = 1;
			remoteGlobalIDString = F496F6731B179C3900C3ADAC;
			remoteInfo = "MensaPlanner WatchKit App";
		};
/* End PBXContainerItemProxy section */

/* Begin PBXCopyFilesBuildPhase section */
		F44CEB521C8032F50076F3E9 /* Embed App Extensions */ = {
			isa = PBXCopyFilesBuildPhase;
			buildActionMask = 2147483647;
			dstPath = "";
			dstSubfolderSpec = 13;
			files = (
				F44CEB4E1C8032F50076F3E9 /* MensaPlanner WatchKit Extension.appex in Embed App Extensions */,
			);
			name = "Embed App Extensions";
			runOnlyForDeploymentPostprocessing = 0;
		};
		F44CEB531C8032F50076F3E9 /* Embed Watch Content */ = {
			isa = PBXCopyFilesBuildPhase;
			buildActionMask = 2147483647;
			dstPath = "$(CONTENTS_FOLDER_PATH)/Watch";
			dstSubfolderSpec = 16;
			files = (
				F44CEB511C8032F50076F3E9 /* MensaPlanner WatchKit App.app in Embed Watch Content */,
			);
			name = "Embed Watch Content";
			runOnlyForDeploymentPostprocessing = 0;
		};
/* End PBXCopyFilesBuildPhase section */

/* Begin PBXFileReference section */
		F408F9A81B374F0400ACE45E /* de */ = {isa = PBXFileReference; lastKnownFileType = text.plist.strings; name = de; path = de.lproj/Main.strings; sourceTree = "<group>"; };
		F44CEBA31C8046FD0076F3E9 /* libxml2.2.tbd */ = {isa = PBXFileReference; lastKnownFileType = "sourcecode.text-based-dylib-definition"; name = libxml2.2.tbd; path = usr/lib/libxml2.2.tbd; sourceTree = SDKROOT; };
		F44CEBA51C80470B0076F3E9 /* libxml2.2.tbd */ = {isa = PBXFileReference; lastKnownFileType = "sourcecode.text-based-dylib-definition"; name = libxml2.2.tbd; path = Platforms/WatchOS.platform/Developer/SDKs/WatchOS2.1.sdk/usr/lib/libxml2.2.tbd; sourceTree = DEVELOPER_DIR; };
		F44CEBA91C805BEB0076F3E9 /* CompliationController.swift */ = {isa = PBXFileReference; fileEncoding = 4; lastKnownFileType = sourcecode.swift; path = CompliationController.swift; sourceTree = "<group>"; };
		F44CEBAB1C805C360076F3E9 /* ClockKit.framework */ = {isa = PBXFileReference; lastKnownFileType = wrapper.framework; name = ClockKit.framework; path = Platforms/WatchOS.platform/Developer/SDKs/WatchOS2.1.sdk/System/Library/Frameworks/ClockKit.framework; sourceTree = DEVELOPER_DIR; };
		F44CEBB01C805FD20076F3E9 /* WatchKit.framework */ = {isa = PBXFileReference; lastKnownFileType = wrapper.framework; name = WatchKit.framework; path = Platforms/WatchOS.platform/Developer/SDKs/WatchOS2.1.sdk/System/Library/Frameworks/WatchKit.framework; sourceTree = DEVELOPER_DIR; };
		F44CEBB51C807C090076F3E9 /* ExtensionDelegate.swift */ = {isa = PBXFileReference; fileEncoding = 4; lastKnownFileType = sourcecode.swift; path = ExtensionDelegate.swift; sourceTree = "<group>"; };
		F473CA1D1B206F1000BCA0CC /* README.md */ = {isa = PBXFileReference; fileEncoding = 4; lastKnownFileType = net.daringfireball.markdown; path = README.md; sourceTree = "<group>"; };
		F473CA1E1B206F1000BCA0CC /* SGAnnotatedPagerController.h */ = {isa = PBXFileReference; fileEncoding = 4; lastKnownFileType = sourcecode.c.h; path = SGAnnotatedPagerController.h; sourceTree = "<group>"; };
		F473CA1F1B206F1000BCA0CC /* SGAnnotatedPagerController.m */ = {isa = PBXFileReference; fileEncoding = 4; lastKnownFileType = sourcecode.c.objc; path = SGAnnotatedPagerController.m; sourceTree = "<group>"; };
		F473CA201B206F1000BCA0CC /* SGViewPagerController.h */ = {isa = PBXFileReference; fileEncoding = 4; lastKnownFileType = sourcecode.c.h; path = SGViewPagerController.h; sourceTree = "<group>"; };
		F473CA211B206F1000BCA0CC /* SGViewPagerController.m */ = {isa = PBXFileReference; fileEncoding = 4; lastKnownFileType = sourcecode.c.objc; path = SGViewPagerController.m; sourceTree = "<group>"; };
		F473CA311B206F5400BCA0CC /* SGTabbedPager.swift */ = {isa = PBXFileReference; fileEncoding = 4; lastKnownFileType = sourcecode.swift; path = SGTabbedPager.swift; sourceTree = "<group>"; };
		F473CA351B2119DD00BCA0CC /* MensaSelectionController.swift */ = {isa = PBXFileReference; fileEncoding = 4; lastKnownFileType = sourcecode.swift; path = MensaSelectionController.swift; sourceTree = "<group>"; };
		F496F6581B178EC400C3ADAC /* GDataXMLNode.h */ = {isa = PBXFileReference; fileEncoding = 4; lastKnownFileType = sourcecode.c.h; path = GDataXMLNode.h; sourceTree = "<group>"; };
		F496F6591B178EC400C3ADAC /* GDataXMLNode.m */ = {isa = PBXFileReference; fileEncoding = 4; lastKnownFileType = sourcecode.c.objc; path = GDataXMLNode.m; sourceTree = "<group>"; };
		F496F6681B179C3800C3ADAC /* MensaPlanner WatchKit Extension.appex */ = {isa = PBXFileReference; explicitFileType = "wrapper.app-extension"; includeInIndex = 0; path = "MensaPlanner WatchKit Extension.appex"; sourceTree = BUILT_PRODUCTS_DIR; };
		F496F66B1B179C3900C3ADAC /* Info.plist */ = {isa = PBXFileReference; lastKnownFileType = text.plist.xml; path = Info.plist; sourceTree = "<group>"; };
		F496F66C1B179C3900C3ADAC /* MensaTableController.swift */ = {isa = PBXFileReference; lastKnownFileType = sourcecode.swift; path = MensaTableController.swift; sourceTree = "<group>"; };
		F496F66E1B179C3900C3ADAC /* GlanceController.swift */ = {isa = PBXFileReference; lastKnownFileType = sourcecode.swift; path = GlanceController.swift; sourceTree = "<group>"; };
		F496F6701B179C3900C3ADAC /* Images.xcassets */ = {isa = PBXFileReference; lastKnownFileType = folder.assetcatalog; path = Images.xcassets; sourceTree = "<group>"; };
		F496F6741B179C3900C3ADAC /* MensaPlanner WatchKit App.app */ = {isa = PBXFileReference; explicitFileType = wrapper.application; includeInIndex = 0; path = "MensaPlanner WatchKit App.app"; sourceTree = BUILT_PRODUCTS_DIR; };
		F496F67A1B179C3900C3ADAC /* Info.plist */ = {isa = PBXFileReference; lastKnownFileType = text.plist.xml; path = Info.plist; sourceTree = "<group>"; };
		F496F67C1B179C3900C3ADAC /* Base */ = {isa = PBXFileReference; lastKnownFileType = file.storyboard; name = Base; path = Base.lproj/Interface.storyboard; sourceTree = "<group>"; };
		F496F67E1B179C3900C3ADAC /* Images.xcassets */ = {isa = PBXFileReference; lastKnownFileType = folder.assetcatalog; path = Images.xcassets; sourceTree = "<group>"; };
		F496F68A1B179D1C00C3ADAC /* MensaInterfaceController.swift */ = {isa = PBXFileReference; fileEncoding = 4; lastKnownFileType = sourcecode.swift; path = MensaInterfaceController.swift; sourceTree = "<group>"; };
		F4AD24C91B6E731B007B62AA /* Info.plist */ = {isa = PBXFileReference; fileEncoding = 4; lastKnownFileType = text.plist.xml; path = Info.plist; sourceTree = "<group>"; };
		F4B010751B16A3E500641B5D /* CoreLocation.framework */ = {isa = PBXFileReference; lastKnownFileType = wrapper.framework; name = CoreLocation.framework; path = System/Library/Frameworks/CoreLocation.framework; sourceTree = SDKROOT; };
		F4D94D8D1B0692F50035EE6A /* MensaPlanner.app */ = {isa = PBXFileReference; explicitFileType = wrapper.application; includeInIndex = 0; path = MensaPlanner.app; sourceTree = BUILT_PRODUCTS_DIR; };
		F4D94D921B0692F60035EE6A /* AppDelegate.swift */ = {isa = PBXFileReference; lastKnownFileType = sourcecode.swift; path = AppDelegate.swift; sourceTree = "<group>"; };
		F4D94D941B0692F60035EE6A /* MensasPagerController.swift */ = {isa = PBXFileReference; lastKnownFileType = sourcecode.swift; path = MensasPagerController.swift; sourceTree = "<group>"; };
		F4D94D971B0692F60035EE6A /* Base */ = {isa = PBXFileReference; lastKnownFileType = file.storyboard; name = Base; path = Base.lproj/Main.storyboard; sourceTree = "<group>"; };
		F4D94D991B0692F60035EE6A /* Images.xcassets */ = {isa = PBXFileReference; lastKnownFileType = folder.assetcatalog; path = Images.xcassets; sourceTree = "<group>"; };
		F4D94D9C1B0692F70035EE6A /* Base */ = {isa = PBXFileReference; lastKnownFileType = file.xib; name = Base; path = Base.lproj/LaunchScreen.xib; sourceTree = "<group>"; };
		F4D94DE31B069FA50035EE6A /* MealPlanner-Bridging-Header.h */ = {isa = PBXFileReference; lastKnownFileType = sourcecode.c.h; name = "MealPlanner-Bridging-Header.h"; path = "MealPlanner/MealPlanner-Bridging-Header.h"; sourceTree = SOURCE_ROOT; };
		F4D94DF01B06AE010035EE6A /* Globals.swift */ = {isa = PBXFileReference; fileEncoding = 4; lastKnownFileType = sourcecode.swift; path = Globals.swift; sourceTree = "<group>"; };
		F4D94DF21B06B3E40035EE6A /* MealsTableController.swift */ = {isa = PBXFileReference; fileEncoding = 4; lastKnownFileType = sourcecode.swift; path = MealsTableController.swift; sourceTree = "<group>"; };
		F4D94DF41B06BD350035EE6A /* Mealplan.swift */ = {isa = PBXFileReference; fileEncoding = 4; lastKnownFileType = sourcecode.swift; path = Mealplan.swift; sourceTree = "<group>"; };
		F4FA4C0C1B3750F100F3ED1E /* Base */ = {isa = PBXFileReference; lastKnownFileType = text.plist.strings; name = Base; path = Base.lproj/Localizable.strings; sourceTree = "<group>"; };
		F4FA4C0E1B3750F400F3ED1E /* de */ = {isa = PBXFileReference; lastKnownFileType = text.plist.strings; name = de; path = de.lproj/Localizable.strings; sourceTree = "<group>"; };
/* End PBXFileReference section */

/* Begin PBXFrameworksBuildPhase section */
		F496F6651B179C3800C3ADAC /* Frameworks */ = {
			isa = PBXFrameworksBuildPhase;
			buildActionMask = 2147483647;
			files = (
				F44CEBB11C805FD20076F3E9 /* WatchKit.framework in Frameworks */,
				F44CEBAC1C805C360076F3E9 /* ClockKit.framework in Frameworks */,
				F44CEBA61C80470B0076F3E9 /* libxml2.2.tbd in Frameworks */,
			);
			runOnlyForDeploymentPostprocessing = 0;
		};
		F4D94D8A1B0692F50035EE6A /* Frameworks */ = {
			isa = PBXFrameworksBuildPhase;
			buildActionMask = 2147483647;
			files = (
				F44CEBA41C8046FD0076F3E9 /* libxml2.2.tbd in Frameworks */,
			);
			runOnlyForDeploymentPostprocessing = 0;
		};
/* End PBXFrameworksBuildPhase section */

/* Begin PBXGroup section */
		F473CA081B206F1000BCA0CC /* SGViewPager */ = {
			isa = PBXGroup;
			children = (
				F473CA1D1B206F1000BCA0CC /* README.md */,
				F473CA1E1B206F1000BCA0CC /* SGAnnotatedPagerController.h */,
				F473CA1F1B206F1000BCA0CC /* SGAnnotatedPagerController.m */,
				F473CA201B206F1000BCA0CC /* SGViewPagerController.h */,
				F473CA211B206F1000BCA0CC /* SGViewPagerController.m */,
				F473CA311B206F5400BCA0CC /* SGTabbedPager.swift */,
			);
			path = SGViewPager;
			sourceTree = "<group>";
		};
		F496F6571B178EC400C3ADAC /* GDataXML */ = {
			isa = PBXGroup;
			children = (
				F496F6581B178EC400C3ADAC /* GDataXMLNode.h */,
				F496F6591B178EC400C3ADAC /* GDataXMLNode.m */,
			);
			name = GDataXML;
			path = external/GDataXML;
			sourceTree = SOURCE_ROOT;
		};
		F496F6691B179C3900C3ADAC /* MealPlanner WatchKit Extension */ = {
			isa = PBXGroup;
			children = (
				F44CEBB51C807C090076F3E9 /* ExtensionDelegate.swift */,
				F496F66C1B179C3900C3ADAC /* MensaTableController.swift */,
				F496F68A1B179D1C00C3ADAC /* MensaInterfaceController.swift */,
				F496F66E1B179C3900C3ADAC /* GlanceController.swift */,
				F44CEBA91C805BEB0076F3E9 /* CompliationController.swift */,
				F496F6701B179C3900C3ADAC /* Images.xcassets */,
				F496F66A1B179C3900C3ADAC /* Supporting Files */,
			);
			path = "MealPlanner WatchKit Extension";
			sourceTree = "<group>";
		};
		F496F66A1B179C3900C3ADAC /* Supporting Files */ = {
			isa = PBXGroup;
			children = (
				F496F66B1B179C3900C3ADAC /* Info.plist */,
			);
			name = "Supporting Files";
			sourceTree = "<group>";
		};
		F496F6781B179C3900C3ADAC /* MealPlanner WatchKit App */ = {
			isa = PBXGroup;
			children = (
				F496F67B1B179C3900C3ADAC /* Interface.storyboard */,
				F496F67E1B179C3900C3ADAC /* Images.xcassets */,
				F496F6791B179C3900C3ADAC /* Supporting Files */,
			);
			path = "MealPlanner WatchKit App";
			sourceTree = "<group>";
		};
		F496F6791B179C3900C3ADAC /* Supporting Files */ = {
			isa = PBXGroup;
			children = (
				F496F67A1B179C3900C3ADAC /* Info.plist */,
			);
			name = "Supporting Files";
			sourceTree = "<group>";
		};
		F4D94D841B0692F50035EE6A = {
			isa = PBXGroup;
			children = (
				F44CEBA51C80470B0076F3E9 /* libxml2.2.tbd */,
				F44CEBA31C8046FD0076F3E9 /* libxml2.2.tbd */,
				F44CEBB01C805FD20076F3E9 /* WatchKit.framework */,
				F44CEBAB1C805C360076F3E9 /* ClockKit.framework */,
				F4B010751B16A3E500641B5D /* CoreLocation.framework */,
				F4D94DB21B0695720035EE6A /* External */,
				F4D94D8F1B0692F50035EE6A /* MealPlanner */,
				F496F6691B179C3900C3ADAC /* MealPlanner WatchKit Extension */,
				F496F6781B179C3900C3ADAC /* MealPlanner WatchKit App */,
				F4D94D8E1B0692F50035EE6A /* Products */,
			);
			sourceTree = "<group>";
		};
		F4D94D8E1B0692F50035EE6A /* Products */ = {
			isa = PBXGroup;
			children = (
				F4D94D8D1B0692F50035EE6A /* MensaPlanner.app */,
				F496F6681B179C3800C3ADAC /* MensaPlanner WatchKit Extension.appex */,
				F496F6741B179C3900C3ADAC /* MensaPlanner WatchKit App.app */,
			);
			name = Products;
			sourceTree = "<group>";
		};
		F4D94D8F1B0692F50035EE6A /* MealPlanner */ = {
			isa = PBXGroup;
			children = (
				F4D94DE31B069FA50035EE6A /* MealPlanner-Bridging-Header.h */,
				F4D94DF01B06AE010035EE6A /* Globals.swift */,
				F4D94DF41B06BD350035EE6A /* Mealplan.swift */,
				F4D94D921B0692F60035EE6A /* AppDelegate.swift */,
				F4D94D941B0692F60035EE6A /* MensasPagerController.swift */,
				F4D94DF21B06B3E40035EE6A /* MealsTableController.swift */,
				F473CA351B2119DD00BCA0CC /* MensaSelectionController.swift */,
				F4D94D961B0692F60035EE6A /* Main.storyboard */,
				F4D94D991B0692F60035EE6A /* Images.xcassets */,
				F4D94D9B1B0692F70035EE6A /* LaunchScreen.xib */,
				F4D94D901B0692F60035EE6A /* Supporting Files */,
			);
			path = MealPlanner;
			sourceTree = "<group>";
		};
		F4D94D901B0692F60035EE6A /* Supporting Files */ = {
			isa = PBXGroup;
			children = (
				F4AD24C91B6E731B007B62AA /* Info.plist */,
				F4FA4C0D1B3750F100F3ED1E /* Localizable.strings */,
			);
			name = "Supporting Files";
			sourceTree = "<group>";
		};
		F4D94DB21B0695720035EE6A /* External */ = {
			isa = PBXGroup;
			children = (
				F473CA081B206F1000BCA0CC /* SGViewPager */,
				F496F6571B178EC400C3ADAC /* GDataXML */,
			);
			path = External;
			sourceTree = "<group>";
		};
/* End PBXGroup section */

/* Begin PBXNativeTarget section */
		F496F6671B179C3800C3ADAC /* MensaPlanner WatchKit Extension */ = {
			isa = PBXNativeTarget;
			buildConfigurationList = F496F6861B179C3900C3ADAC /* Build configuration list for PBXNativeTarget "MensaPlanner WatchKit Extension" */;
			buildPhases = (
				F496F6641B179C3800C3ADAC /* Sources */,
				F496F6651B179C3800C3ADAC /* Frameworks */,
				F496F6661B179C3800C3ADAC /* Resources */,
			);
			buildRules = (
			);
			dependencies = (
			);
			name = "MensaPlanner WatchKit Extension";
			productName = "MealPlanner WatchKit Extension";
			productReference = F496F6681B179C3800C3ADAC /* MensaPlanner WatchKit Extension.appex */;
			productType = "com.apple.product-type.watchkit2-extension";
		};
		F496F6731B179C3900C3ADAC /* MensaPlanner WatchKit App */ = {
			isa = PBXNativeTarget;
			buildConfigurationList = F496F6831B179C3900C3ADAC /* Build configuration list for PBXNativeTarget "MensaPlanner WatchKit App" */;
			buildPhases = (
				F496F6721B179C3900C3ADAC /* Resources */,
				F44CEB521C8032F50076F3E9 /* Embed App Extensions */,
			);
			buildRules = (
			);
			dependencies = (
				F44CEB4D1C8032F50076F3E9 /* PBXTargetDependency */,
			);
			name = "MensaPlanner WatchKit App";
			productName = "MealPlanner WatchKit App";
			productReference = F496F6741B179C3900C3ADAC /* MensaPlanner WatchKit App.app */;
			productType = "com.apple.product-type.application.watchapp2";
		};
		F4D94D8C1B0692F50035EE6A /* MensaPlanner */ = {
			isa = PBXNativeTarget;
			buildConfigurationList = F4D94DAC1B0692F70035EE6A /* Build configuration list for PBXNativeTarget "MensaPlanner" */;
			buildPhases = (
				F4D94D891B0692F50035EE6A /* Sources */,
				F4D94D8A1B0692F50035EE6A /* Frameworks */,
				F4D94D8B1B0692F50035EE6A /* Resources */,
				F44CEB531C8032F50076F3E9 /* Embed Watch Content */,
			);
			buildRules = (
			);
			dependencies = (
				F44CEB501C8032F50076F3E9 /* PBXTargetDependency */,
			);
			name = MensaPlanner;
			productName = MealPlanner;
			productReference = F4D94D8D1B0692F50035EE6A /* MensaPlanner.app */;
			productType = "com.apple.product-type.application";
		};
/* End PBXNativeTarget section */

/* Begin PBXProject section */
		F4D94D851B0692F50035EE6A /* Project object */ = {
			isa = PBXProject;
			attributes = {
				LastSwiftMigration = 0720;
				LastSwiftUpdateCheck = 0720;
				LastUpgradeCheck = 0720;
				ORGANIZATIONNAME = "Simon Grätzer";
				TargetAttributes = {
					F496F6671B179C3800C3ADAC = {
						CreatedOnToolsVersion = 6.3.1;
						DevelopmentTeam = AQR4MQXUPM;
					};
					F496F6731B179C3900C3ADAC = {
						CreatedOnToolsVersion = 6.3.1;
						DevelopmentTeam = AQR4MQXUPM;
					};
					F4D94D8C1B0692F50035EE6A = {
						CreatedOnToolsVersion = 6.3.1;
						DevelopmentTeam = AQR4MQXUPM;
					};
				};
			};
			buildConfigurationList = F4D94D881B0692F50035EE6A /* Build configuration list for PBXProject "MensaPlanner" */;
			compatibilityVersion = "Xcode 3.2";
			developmentRegion = English;
			hasScannedForEncodings = 0;
			knownRegions = (
				en,
				Base,
				de,
			);
			mainGroup = F4D94D841B0692F50035EE6A;
			productRefGroup = F4D94D8E1B0692F50035EE6A /* Products */;
			projectDirPath = "";
			projectRoot = "";
			targets = (
				F4D94D8C1B0692F50035EE6A /* MensaPlanner */,
				F496F6671B179C3800C3ADAC /* MensaPlanner WatchKit Extension */,
				F496F6731B179C3900C3ADAC /* MensaPlanner WatchKit App */,
			);
		};
/* End PBXProject section */

/* Begin PBXResourcesBuildPhase section */
		F496F6661B179C3800C3ADAC /* Resources */ = {
			isa = PBXResourcesBuildPhase;
			buildActionMask = 2147483647;
			files = (
				F496F6711B179C3900C3ADAC /* Images.xcassets in Resources */,
			);
			runOnlyForDeploymentPostprocessing = 0;
		};
		F496F6721B179C3900C3ADAC /* Resources */ = {
			isa = PBXResourcesBuildPhase;
			buildActionMask = 2147483647;
			files = (
				F496F67D1B179C3900C3ADAC /* Interface.storyboard in Resources */,
				F496F67F1B179C3900C3ADAC /* Images.xcassets in Resources */,
			);
			runOnlyForDeploymentPostprocessing = 0;
		};
		F4D94D8B1B0692F50035EE6A /* Resources */ = {
			isa = PBXResourcesBuildPhase;
			buildActionMask = 2147483647;
			files = (
				F4D94D981B0692F60035EE6A /* Main.storyboard in Resources */,
				F4FA4C0B1B3750F100F3ED1E /* Localizable.strings in Resources */,
				F4D94D9D1B0692F70035EE6A /* LaunchScreen.xib in Resources */,
				F4D94D9A1B0692F60035EE6A /* Images.xcassets in Resources */,
			);
			runOnlyForDeploymentPostprocessing = 0;
		};
/* End PBXResourcesBuildPhase section */

/* Begin PBXSourcesBuildPhase section */
		F496F6641B179C3800C3ADAC /* Sources */ = {
			isa = PBXSourcesBuildPhase;
			buildActionMask = 2147483647;
			files = (
				F44CEBC21C807C2B0076F3E9 /* ExtensionDelegate.swift in Sources */,
				F44CEBAD1C805C6A0076F3E9 /* CompliationController.swift in Sources */,
				F496F68C1B17A1BC00C3ADAC /* Globals.swift in Sources */,
				F496F66D1B179C3900C3ADAC /* MensaTableController.swift in Sources */,
				F496F68B1B179D1C00C3ADAC /* MensaInterfaceController.swift in Sources */,
				F4A557C91B17D67A00956AF0 /* Mealplan.swift in Sources */,
				F496F66F1B179C3900C3ADAC /* GlanceController.swift in Sources */,
				F4A557CA1B17DC1500956AF0 /* GDataXMLNode.m in Sources */,
			);
			runOnlyForDeploymentPostprocessing = 0;
		};
		F4D94D891B0692F50035EE6A /* Sources */ = {
			isa = PBXSourcesBuildPhase;
			buildActionMask = 2147483647;
			files = (
				F4AD24CB1B6E75C6007B62AA /* Info.plist in Sources */,
				F496F65A1B178EC400C3ADAC /* GDataXMLNode.m in Sources */,
				F473CA321B206F5400BCA0CC /* SGTabbedPager.swift in Sources */,
				F4D94D931B0692F60035EE6A /* AppDelegate.swift in Sources */,
				F4D94DF51B06BD350035EE6A /* Mealplan.swift in Sources */,
				F4D94DF31B06B3E40035EE6A /* MealsTableController.swift in Sources */,
				F4B010B71B176CC100641B5D /* MensasPagerController.swift in Sources */,
				F473CA361B2119DD00BCA0CC /* MensaSelectionController.swift in Sources */,
				F4D94DF11B06AE010035EE6A /* Globals.swift in Sources */,
			);
			runOnlyForDeploymentPostprocessing = 0;
		};
/* End PBXSourcesBuildPhase section */

/* Begin PBXTargetDependency section */
		F44CEB4D1C8032F50076F3E9 /* PBXTargetDependency */ = {
			isa = PBXTargetDependency;
			target = F496F6671B179C3800C3ADAC /* MensaPlanner WatchKit Extension */;
			targetProxy = F44CEB4C1C8032F50076F3E9 /* PBXContainerItemProxy */;
		};
		F44CEB501C8032F50076F3E9 /* PBXTargetDependency */ = {
			isa = PBXTargetDependency;
			target = F496F6731B179C3900C3ADAC /* MensaPlanner WatchKit App */;
			targetProxy = F44CEB4F1C8032F50076F3E9 /* PBXContainerItemProxy */;
		};
/* End PBXTargetDependency section */

/* Begin PBXVariantGroup section */
		F496F67B1B179C3900C3ADAC /* Interface.storyboard */ = {
			isa = PBXVariantGroup;
			children = (
				F496F67C1B179C3900C3ADAC /* Base */,
			);
			name = Interface.storyboard;
			sourceTree = "<group>";
		};
		F4D94D961B0692F60035EE6A /* Main.storyboard */ = {
			isa = PBXVariantGroup;
			children = (
				F4D94D971B0692F60035EE6A /* Base */,
				F408F9A81B374F0400ACE45E /* de */,
			);
			name = Main.storyboard;
			sourceTree = "<group>";
		};
		F4D94D9B1B0692F70035EE6A /* LaunchScreen.xib */ = {
			isa = PBXVariantGroup;
			children = (
				F4D94D9C1B0692F70035EE6A /* Base */,
			);
			name = LaunchScreen.xib;
			sourceTree = "<group>";
		};
		F4FA4C0D1B3750F100F3ED1E /* Localizable.strings */ = {
			isa = PBXVariantGroup;
			children = (
				F4FA4C0C1B3750F100F3ED1E /* Base */,
				F4FA4C0E1B3750F400F3ED1E /* de */,
			);
			name = Localizable.strings;
			sourceTree = "<group>";
		};
/* End PBXVariantGroup section */

/* Begin XCBuildConfiguration section */
		F496F6841B179C3900C3ADAC /* Debug */ = {
			isa = XCBuildConfiguration;
			buildSettings = {
				ASSETCATALOG_COMPILER_APPICON_NAME = AppIcon;
				CODE_SIGN_IDENTITY = "iPhone Developer";
				EMBEDDED_CONTENT_CONTAINS_SWIFT = YES;
				GCC_PREPROCESSOR_DEFINITIONS = (
					"DEBUG=1",
					"$(inherited)",
				);
				IBSC_MODULE = MealPlanner_WatchKit_Extension;
				INFOPLIST_FILE = "MealPlanner WatchKit App/Info.plist";
				PRODUCT_BUNDLE_IDENTIFIER = org.graetzer.MensaPlanner.watchkitapp;
				PRODUCT_NAME = "MensaPlanner WatchKit App";
				SDKROOT = watchos;
				SKIP_INSTALL = YES;
				TARGETED_DEVICE_FAMILY = 4;
				WATCHOS_DEPLOYMENT_TARGET = 2.0;
			};
			name = Debug;
		};
		F496F6851B179C3900C3ADAC /* Release */ = {
			isa = XCBuildConfiguration;
			buildSettings = {
				ASSETCATALOG_COMPILER_APPICON_NAME = AppIcon;
				CODE_SIGN_IDENTITY = "iPhone Developer";
				EMBEDDED_CONTENT_CONTAINS_SWIFT = YES;
				IBSC_MODULE = MealPlanner_WatchKit_Extension;
				INFOPLIST_FILE = "MealPlanner WatchKit App/Info.plist";
				PRODUCT_BUNDLE_IDENTIFIER = org.graetzer.MensaPlanner.watchkitapp;
				PRODUCT_NAME = "MensaPlanner WatchKit App";
				SDKROOT = watchos;
				SKIP_INSTALL = YES;
				TARGETED_DEVICE_FAMILY = 4;
				WATCHOS_DEPLOYMENT_TARGET = 2.0;
			};
			name = Release;
		};
		F496F6871B179C3900C3ADAC /* Debug */ = {
			isa = XCBuildConfiguration;
			buildSettings = {
				CODE_SIGN_IDENTITY = "iPhone Developer";
				GCC_PREPROCESSOR_DEFINITIONS = (
					"DEBUG=1",
					"$(inherited)",
				);
				INFOPLIST_FILE = "MealPlanner WatchKit Extension/Info.plist";
				LD_RUNPATH_SEARCH_PATHS = "$(inherited) @executable_path/Frameworks @executable_path/../../Frameworks";
				PRODUCT_BUNDLE_IDENTIFIER = org.graetzer.MensaPlanner.watchkitapp.watchkitextension;
				PRODUCT_NAME = "MensaPlanner WatchKit Extension";
				SDKROOT = watchos;
				SKIP_INSTALL = YES;
				SWIFT_OBJC_BRIDGING_HEADER = "MealPlanner/MealPlanner-Bridging-Header.h";
				TARGETED_DEVICE_FAMILY = 4;
				WATCHOS_DEPLOYMENT_TARGET = 2.0;
			};
			name = Debug;
		};
		F496F6881B179C3900C3ADAC /* Release */ = {
			isa = XCBuildConfiguration;
			buildSettings = {
				CODE_SIGN_IDENTITY = "iPhone Developer";
				INFOPLIST_FILE = "MealPlanner WatchKit Extension/Info.plist";
				LD_RUNPATH_SEARCH_PATHS = "$(inherited) @executable_path/Frameworks @executable_path/../../Frameworks";
				PRODUCT_BUNDLE_IDENTIFIER = org.graetzer.MensaPlanner.watchkitapp.watchkitextension;
				PRODUCT_NAME = "MensaPlanner WatchKit Extension";
				SDKROOT = watchos;
				SKIP_INSTALL = YES;
				SWIFT_OBJC_BRIDGING_HEADER = "MealPlanner/MealPlanner-Bridging-Header.h";
				TARGETED_DEVICE_FAMILY = 4;
				WATCHOS_DEPLOYMENT_TARGET = 2.0;
			};
			name = Release;
		};
		F4D94DAA1B0692F70035EE6A /* Debug */ = {
			isa = XCBuildConfiguration;
			buildSettings = {
				ALWAYS_SEARCH_USER_PATHS = NO;
				CLANG_CXX_LANGUAGE_STANDARD = "gnu++0x";
				CLANG_CXX_LIBRARY = "libc++";
				CLANG_ENABLE_MODULES = YES;
				CLANG_ENABLE_OBJC_ARC = YES;
				CLANG_WARN_BOOL_CONVERSION = YES;
				CLANG_WARN_CONSTANT_CONVERSION = YES;
				CLANG_WARN_DIRECT_OBJC_ISA_USAGE = YES_ERROR;
				CLANG_WARN_EMPTY_BODY = YES;
				CLANG_WARN_ENUM_CONVERSION = YES;
				CLANG_WARN_INT_CONVERSION = YES;
				CLANG_WARN_OBJC_ROOT_CLASS = YES_ERROR;
				CLANG_WARN_UNREACHABLE_CODE = YES;
				CLANG_WARN__DUPLICATE_METHOD_MATCH = YES;
				"CODE_SIGN_IDENTITY[sdk=iphoneos*]" = "iPhone Developer";
				COPY_PHASE_STRIP = NO;
				DEBUG_INFORMATION_FORMAT = "dwarf-with-dsym";
				ENABLE_STRICT_OBJC_MSGSEND = YES;
				ENABLE_TESTABILITY = YES;
				GCC_C_LANGUAGE_STANDARD = gnu99;
				GCC_DYNAMIC_NO_PIC = NO;
				GCC_NO_COMMON_BLOCKS = YES;
				GCC_OPTIMIZATION_LEVEL = 0;
				GCC_PREPROCESSOR_DEFINITIONS = (
					"DEBUG=1",
					"$(inherited)",
				);
				GCC_SYMBOLS_PRIVATE_EXTERN = NO;
				GCC_WARN_64_TO_32_BIT_CONVERSION = YES;
				GCC_WARN_ABOUT_RETURN_TYPE = YES_ERROR;
				GCC_WARN_UNDECLARED_SELECTOR = YES;
				GCC_WARN_UNINITIALIZED_AUTOS = YES_AGGRESSIVE;
				GCC_WARN_UNUSED_FUNCTION = YES;
				GCC_WARN_UNUSED_VARIABLE = YES;
				HEADER_SEARCH_PATHS = (
					"$(inherited)",
					/Applications/Xcode.app/Contents/Developer/Toolchains/XcodeDefault.xctoolchain/usr/include,
					/usr/include/libxml2,
				);
				IPHONEOS_DEPLOYMENT_TARGET = 9.2;
				MTL_ENABLE_DEBUG_INFO = YES;
				ONLY_ACTIVE_ARCH = YES;
				SDKROOT = iphoneos;
				SWIFT_OPTIMIZATION_LEVEL = "-Onone";
			};
			name = Debug;
		};
		F4D94DAB1B0692F70035EE6A /* Release */ = {
			isa = XCBuildConfiguration;
			buildSettings = {
				ALWAYS_SEARCH_USER_PATHS = NO;
				CLANG_CXX_LANGUAGE_STANDARD = "gnu++0x";
				CLANG_CXX_LIBRARY = "libc++";
				CLANG_ENABLE_MODULES = YES;
				CLANG_ENABLE_OBJC_ARC = YES;
				CLANG_WARN_BOOL_CONVERSION = YES;
				CLANG_WARN_CONSTANT_CONVERSION = YES;
				CLANG_WARN_DIRECT_OBJC_ISA_USAGE = YES_ERROR;
				CLANG_WARN_EMPTY_BODY = YES;
				CLANG_WARN_ENUM_CONVERSION = YES;
				CLANG_WARN_INT_CONVERSION = YES;
				CLANG_WARN_OBJC_ROOT_CLASS = YES_ERROR;
				CLANG_WARN_UNREACHABLE_CODE = YES;
				CLANG_WARN__DUPLICATE_METHOD_MATCH = YES;
				"CODE_SIGN_IDENTITY[sdk=iphoneos*]" = "iPhone Developer";
				COPY_PHASE_STRIP = NO;
				DEBUG_INFORMATION_FORMAT = "dwarf-with-dsym";
				ENABLE_NS_ASSERTIONS = NO;
				ENABLE_STRICT_OBJC_MSGSEND = YES;
				GCC_C_LANGUAGE_STANDARD = gnu99;
				GCC_NO_COMMON_BLOCKS = YES;
				GCC_WARN_64_TO_32_BIT_CONVERSION = YES;
				GCC_WARN_ABOUT_RETURN_TYPE = YES_ERROR;
				GCC_WARN_UNDECLARED_SELECTOR = YES;
				GCC_WARN_UNINITIALIZED_AUTOS = YES_AGGRESSIVE;
				GCC_WARN_UNUSED_FUNCTION = YES;
				GCC_WARN_UNUSED_VARIABLE = YES;
				HEADER_SEARCH_PATHS = (
					"$(inherited)",
					/Applications/Xcode.app/Contents/Developer/Toolchains/XcodeDefault.xctoolchain/usr/include,
					/usr/include/libxml2,
				);
				IPHONEOS_DEPLOYMENT_TARGET = 9.2;
				MTL_ENABLE_DEBUG_INFO = NO;
				SDKROOT = iphoneos;
				VALIDATE_PRODUCT = YES;
			};
			name = Release;
		};
		F4D94DAD1B0692F70035EE6A /* Debug */ = {
			isa = XCBuildConfiguration;
			buildSettings = {
				ASSETCATALOG_COMPILER_APPICON_NAME = AppIcon;
				CODE_SIGN_IDENTITY = "iPhone Developer";
				HEADER_SEARCH_PATHS = (
					"$(inherited)",
					/Applications/Xcode.app/Contents/Developer/Toolchains/XcodeDefault.xctoolchain/usr/include,
				);
				INFOPLIST_FILE = MealPlanner/Info.plist;
				LD_RUNPATH_SEARCH_PATHS = "$(inherited) @executable_path/Frameworks";
				PRODUCT_BUNDLE_IDENTIFIER = "org.graetzer.$(PRODUCT_NAME:rfc1034identifier)";
				PRODUCT_NAME = MensaPlanner;
				SWIFT_OBJC_BRIDGING_HEADER = "MealPlanner/MealPlanner-Bridging-Header.h";
			};
			name = Debug;
		};
		F4D94DAE1B0692F70035EE6A /* Release */ = {
			isa = XCBuildConfiguration;
			buildSettings = {
				ASSETCATALOG_COMPILER_APPICON_NAME = AppIcon;
				CODE_SIGN_IDENTITY = "iPhone Developer";
				HEADER_SEARCH_PATHS = (
					"$(inherited)",
					/Applications/Xcode.app/Contents/Developer/Toolchains/XcodeDefault.xctoolchain/usr/include,
				);
				INFOPLIST_FILE = MealPlanner/Info.plist;
				LD_RUNPATH_SEARCH_PATHS = "$(inherited) @executable_path/Frameworks";
				PRODUCT_BUNDLE_IDENTIFIER = "org.graetzer.$(PRODUCT_NAME:rfc1034identifier)";
				PRODUCT_NAME = MensaPlanner;
				SWIFT_OBJC_BRIDGING_HEADER = "MealPlanner/MealPlanner-Bridging-Header.h";
			};
			name = Release;
		};
/* End XCBuildConfiguration section */

/* Begin XCConfigurationList section */
		F496F6831B179C3900C3ADAC /* Build configuration list for PBXNativeTarget "MensaPlanner WatchKit App" */ = {
			isa = XCConfigurationList;
			buildConfigurations = (
				F496F6841B179C3900C3ADAC /* Debug */,
				F496F6851B179C3900C3ADAC /* Release */,
			);
			defaultConfigurationIsVisible = 0;
			defaultConfigurationName = Release;
		};
		F496F6861B179C3900C3ADAC /* Build configuration list for PBXNativeTarget "MensaPlanner WatchKit Extension" */ = {
			isa = XCConfigurationList;
			buildConfigurations = (
				F496F6871B179C3900C3ADAC /* Debug */,
				F496F6881B179C3900C3ADAC /* Release */,
			);
			defaultConfigurationIsVisible = 0;
			defaultConfigurationName = Release;
		};
		F4D94D881B0692F50035EE6A /* Build configuration list for PBXProject "MensaPlanner" */ = {
			isa = XCConfigurationList;
			buildConfigurations = (
				F4D94DAA1B0692F70035EE6A /* Debug */,
				F4D94DAB1B0692F70035EE6A /* Release */,
			);
			defaultConfigurationIsVisible = 0;
			defaultConfigurationName = Release;
		};
		F4D94DAC1B0692F70035EE6A /* Build configuration list for PBXNativeTarget "MensaPlanner" */ = {
			isa = XCConfigurationList;
			buildConfigurations = (
				F4D94DAD1B0692F70035EE6A /* Debug */,
				F4D94DAE1B0692F70035EE6A /* Release */,
			);
			defaultConfigurationIsVisible = 0;
			defaultConfigurationName = Release;
		};
/* End XCConfigurationList section */
	};
	rootObject = F4D94D851B0692F50035EE6A /* Project object */;
}
